
Microsoft Visual Studio Solution File, Format Version 12.00
# Visual Studio 15
VisualStudioVersion = 15.0.27130.2020
MinimumVisualStudioVersion = 10.0.40219.1
Project("{888888A0-9F3D-457C-B088-3A5042F75D52}") = "demotenki", "demotenki\demotenki.pyproj", "{EBBCF928-4D77-43E8-AFCB-1A98F1189952}"
EndProject
Global
	GlobalSection(SolutionConfigurationPlatforms) = preSolution
		Debug|Any CPU = Debug|Any CPU
		Release|Any CPU = Release|Any CPU
	EndGlobalSection
	GlobalSection(ProjectConfigurationPlatforms) = postSolution
		{EBBCF928-4D77-43E8-AFCB-1A98F1189952}.Debug|Any CPU.ActiveCfg = Debug|Any CPU
		{EBBCF928-4D77-43E8-AFCB-1A98F1189952}.Release|Any CPU.ActiveCfg = Release|Any CPU
	EndGlobalSection
	GlobalSection(SolutionProperties) = preSolution
		HideSolutionNode = FALSE
	EndGlobalSection
	GlobalSection(ExtensibilityGlobals) = postSolution
		SolutionGuid = {A45DECFD-814E-45B0-A27B-B522734F79B6}
	EndGlobalSection
EndGlobal
